
Microsoft Visual Studio Solution File, Format Version 12.00
# Visual Studio Version 16
VisualStudioVersion = 16.0.33328.57
MinimumVisualStudioVersion = 10.0.40219.1
Project("{FAE04EC0-301F-11D3-BF4B-00C04F79EFBC}") = "ATV2_Ivan_Console", "ATV2_Ivan_Console\ATV2_Ivan_Console.csproj", "{DCD6C31E-2753-4D44-8A49-E8B462E7928A}"
EndProject
Global
	GlobalSection(SolutionConfigurationPlatforms) = preSolution
		Debug|Any CPU = Debug|Any CPU
		Release|Any CPU = Release|Any CPU
	EndGlobalSection
	GlobalSection(ProjectConfigurationPlatforms) = postSolution
		{DCD6C31E-2753-4D44-8A49-E8B462E7928A}.Debug|Any CPU.ActiveCfg = Debug|Any CPU
		{DCD6C31E-2753-4D44-8A49-E8B462E7928A}.Debug|Any CPU.Build.0 = Debug|Any CPU
		{DCD6C31E-2753-4D44-8A49-E8B462E7928A}.Release|Any CPU.ActiveCfg = Release|Any CPU
		{DCD6C31E-2753-4D44-8A49-E8B462E7928A}.Release|Any CPU.Build.0 = Release|Any CPU
	EndGlobalSection
	GlobalSection(SolutionProperties) = preSolution
		HideSolutionNode = FALSE
	EndGlobalSection
	GlobalSection(ExtensibilityGlobals) = postSolution
		SolutionGuid = {8C962907-5D0B-4980-819C-075174312E5A}
	EndGlobalSection
EndGlobal
